
Microsoft Visual Studio Solution File, Format Version 12.00
# Visual Studio Version 17
VisualStudioVersion = 17.10.35122.118
MinimumVisualStudioVersion = 10.0.40219.1
Project("{FAE04EC0-301F-11D3-BF4B-00C04F79EFBC}") = "EmployeeManagementSystem", "EmployeeManagementSystem.csproj", "{F53AC82B-C46C-4FB0-BF18-A7D4629F0967}"
EndProject
Global
	GlobalSection(SolutionConfigurationPlatforms) = preSolution
		Debug|Any CPU = Debug|Any CPU
		Release|Any CPU = Release|Any CPU
	EndGlobalSection
	GlobalSection(ProjectConfigurationPlatforms) = postSolution
		{F53AC82B-C46C-4FB0-BF18-A7D4629F0967}.Debug|Any CPU.ActiveCfg = Debug|Any CPU
		{F53AC82B-C46C-4FB0-BF18-A7D4629F0967}.Debug|Any CPU.Build.0 = Debug|Any CPU
		{F53AC82B-C46C-4FB0-BF18-A7D4629F0967}.Release|Any CPU.ActiveCfg = Release|Any CPU
		{F53AC82B-C46C-4FB0-BF18-A7D4629F0967}.Release|Any CPU.Build.0 = Release|Any CPU
	EndGlobalSection
	GlobalSection(SolutionProperties) = preSolution
		HideSolutionNode = FALSE
	EndGlobalSection
	GlobalSection(ExtensibilityGlobals) = postSolution
		SolutionGuid = {84717FA5-D68F-4986-A651-70E6B9E1E8A4}
	EndGlobalSection
EndGlobal
